// !$*UTF8*$!
{
	archiveVersion = 1;
	classes = {
	};
	objectVersion = 50;
	objects = {

/* Begin PBXBuildFile section */
		A5612002268CAF2900EC79F9 /* AppDelegate.swift in Sources */ = {isa = PBXBuildFile; fileRef = A5612001268CAF2900EC79F9 /* AppDelegate.swift */; };
		A5612004268CAF2900EC79F9 /* SceneDelegate.swift in Sources */ = {isa = PBXBuildFile; fileRef = A5612003268CAF2900EC79F9 /* SceneDelegate.swift */; };
		A5612006268CAF2900EC79F9 /* CitiesViewController.swift in Sources */ = {isa = PBXBuildFile; fileRef = A5612005268CAF2900EC79F9 /* CitiesViewController.swift */; };
		A5612009268CAF2900EC79F9 /* Main.storyboard in Resources */ = {isa = PBXBuildFile; fileRef = A5612007268CAF2900EC79F9 /* Main.storyboard */; };
		A561200B268CAF2C00EC79F9 /* Assets.xcassets in Resources */ = {isa = PBXBuildFile; fileRef = A561200A268CAF2C00EC79F9 /* Assets.xcassets */; };
		A561200E268CAF2C00EC79F9 /* LaunchScreen.storyboard in Resources */ = {isa = PBXBuildFile; fileRef = A561200C268CAF2C00EC79F9 /* LaunchScreen.storyboard */; };
		A5612017268CAF9B00EC79F9 /* WeatherViewController.swift in Sources */ = {isa = PBXBuildFile; fileRef = A5612016268CAF9B00EC79F9 /* WeatherViewController.swift */; };
		A561201B268CAFB700EC79F9 /* WeatherModel.swift in Sources */ = {isa = PBXBuildFile; fileRef = A561201A268CAFB700EC79F9 /* WeatherModel.swift */; };
		A561201F268CB04400EC79F9 /* WeatherData.swift in Sources */ = {isa = PBXBuildFile; fileRef = A561201E268CB04400EC79F9 /* WeatherData.swift */; };
		A5612022268CB09000EC79F9 /* WeatherManager.swift in Sources */ = {isa = PBXBuildFile; fileRef = A5612021268CB09000EC79F9 /* WeatherManager.swift */; };
/* End PBXBuildFile section */

/* Begin PBXFileReference section */
		A5611FFE268CAF2900EC79F9 /* SimpleWeather.app */ = {isa = PBXFileReference; explicitFileType = wrapper.application; includeInIndex = 0; path = SimpleWeather.app; sourceTree = BUILT_PRODUCTS_DIR; };
		A5612001268CAF2900EC79F9 /* AppDelegate.swift */ = {isa = PBXFileReference; lastKnownFileType = sourcecode.swift; path = AppDelegate.swift; sourceTree = "<group>"; };
		A5612003268CAF2900EC79F9 /* SceneDelegate.swift */ = {isa = PBXFileReference; lastKnownFileType = sourcecode.swift; path = SceneDelegate.swift; sourceTree = "<group>"; };
		A5612005268CAF2900EC79F9 /* CitiesViewController.swift */ = {isa = PBXFileReference; lastKnownFileType = sourcecode.swift; path = CitiesViewController.swift; sourceTree = "<group>"; };
		A5612008268CAF2900EC79F9 /* Base */ = {isa = PBXFileReference; lastKnownFileType = file.storyboard; name = Base; path = Base.lproj/Main.storyboard; sourceTree = "<group>"; };
		A561200A268CAF2C00EC79F9 /* Assets.xcassets */ = {isa = PBXFileReference; lastKnownFileType = folder.assetcatalog; path = Assets.xcassets; sourceTree = "<group>"; };
		A561200D268CAF2C00EC79F9 /* Base */ = {isa = PBXFileReference; lastKnownFileType = file.storyboard; name = Base; path = Base.lproj/LaunchScreen.storyboard; sourceTree = "<group>"; };
		A561200F268CAF2C00EC79F9 /* Info.plist */ = {isa = PBXFileReference; lastKnownFileType = text.plist.xml; path = Info.plist; sourceTree = "<group>"; };
		A5612016268CAF9B00EC79F9 /* WeatherViewController.swift */ = {isa = PBXFileReference; lastKnownFileType = sourcecode.swift; path = WeatherViewController.swift; sourceTree = "<group>"; };
		A561201A268CAFB700EC79F9 /* WeatherModel.swift */ = {isa = PBXFileReference; lastKnownFileType = sourcecode.swift; path = WeatherModel.swift; sourceTree = "<group>"; };
		A561201E268CB04400EC79F9 /* WeatherData.swift */ = {isa = PBXFileReference; lastKnownFileType = sourcecode.swift; path = WeatherData.swift; sourceTree = "<group>"; };
		A5612021268CB09000EC79F9 /* WeatherManager.swift */ = {isa = PBXFileReference; lastKnownFileType = sourcecode.swift; path = WeatherManager.swift; sourceTree = "<group>"; };
/* End PBXFileReference section */

/* Begin PBXFrameworksBuildPhase section */
		A5611FFB268CAF2900EC79F9 /* Frameworks */ = {
			isa = PBXFrameworksBuildPhase;
			buildActionMask = 2147483647;
			files = (
			);
			runOnlyForDeploymentPostprocessing = 0;
		};
/* End PBXFrameworksBuildPhase section */

/* Begin PBXGroup section */
		A5611FF5268CAF2900EC79F9 = {
			isa = PBXGroup;
			children = (
				A5612000268CAF2900EC79F9 /* SimpleWeather */,
				A5611FFF268CAF2900EC79F9 /* Products */,
			);
			sourceTree = "<group>";
		};
		A5611FFF268CAF2900EC79F9 /* Products */ = {
			isa = PBXGroup;
			children = (
				A5611FFE268CAF2900EC79F9 /* SimpleWeather.app */,
			);
			name = Products;
			sourceTree = "<group>";
		};
		A5612000268CAF2900EC79F9 /* SimpleWeather */ = {
			isa = PBXGroup;
			children = (
				A5612001268CAF2900EC79F9 /* AppDelegate.swift */,
				A5612003268CAF2900EC79F9 /* SceneDelegate.swift */,
				A561201D268CAFC100EC79F9 /* Models */,
				A5612026268CB42300EC79F9 /* CitiesVC */,
				A5612025268CB41800EC79F9 /* WeatherVC */,
				A5612007268CAF2900EC79F9 /* Main.storyboard */,
				A561200A268CAF2C00EC79F9 /* Assets.xcassets */,
				A561200C268CAF2C00EC79F9 /* LaunchScreen.storyboard */,
				A561200F268CAF2C00EC79F9 /* Info.plist */,
			);
			path = SimpleWeather;
			sourceTree = "<group>";
		};
		A561201D268CAFC100EC79F9 /* Models */ = {
			isa = PBXGroup;
			children = (
				A561201A268CAFB700EC79F9 /* WeatherModel.swift */,
				A561201E268CB04400EC79F9 /* WeatherData.swift */,
				A5612021268CB09000EC79F9 /* WeatherManager.swift */,
			);
			path = Models;
			sourceTree = "<group>";
		};
		A5612025268CB41800EC79F9 /* WeatherVC */ = {
			isa = PBXGroup;
			children = (
				A5612016268CAF9B00EC79F9 /* WeatherViewController.swift */,
			);
			path = WeatherVC;
			sourceTree = "<group>";
		};
		A5612026268CB42300EC79F9 /* CitiesVC */ = {
			isa = PBXGroup;
			children = (
				A5612005268CAF2900EC79F9 /* CitiesViewController.swift */,
			);
			path = CitiesVC;
			sourceTree = "<group>";
		};
/* End PBXGroup section */

/* Begin PBXNativeTarget section */
		A5611FFD268CAF2900EC79F9 /* SimpleWeather */ = {
			isa = PBXNativeTarget;
			buildConfigurationList = A5612012268CAF2C00EC79F9 /* Build configuration list for PBXNativeTarget "SimpleWeather" */;
			buildPhases = (
				A5611FFA268CAF2900EC79F9 /* Sources */,
				A5611FFB268CAF2900EC79F9 /* Frameworks */,
				A5611FFC268CAF2900EC79F9 /* Resources */,
			);
			buildRules = (
			);
			dependencies = (
			);
			name = SimpleWeather;
			productName = SimpleWeather;
			productReference = A5611FFE268CAF2900EC79F9 /* SimpleWeather.app */;
			productType = "com.apple.product-type.application";
		};
/* End PBXNativeTarget section */

/* Begin PBXProject section */
		A5611FF6268CAF2900EC79F9 /* Project object */ = {
			isa = PBXProject;
			attributes = {
				LastSwiftUpdateCheck = 1240;
				LastUpgradeCheck = 1240;
				TargetAttributes = {
					A5611FFD268CAF2900EC79F9 = {
						CreatedOnToolsVersion = 12.4;
					};
				};
			};
			buildConfigurationList = A5611FF9268CAF2900EC79F9 /* Build configuration list for PBXProject "SimpleWeather" */;
			compatibilityVersion = "Xcode 9.3";
			developmentRegion = en;
			hasScannedForEncodings = 0;
			knownRegions = (
				en,
				Base,
			);
			mainGroup = A5611FF5268CAF2900EC79F9;
			productRefGroup = A5611FFF268CAF2900EC79F9 /* Products */;
			projectDirPath = "";
			projectRoot = "";
			targets = (
				A5611FFD268CAF2900EC79F9 /* SimpleWeather */,
			);
		};
/* End PBXProject section */

/* Begin PBXResourcesBuildPhase section */
		A5611FFC268CAF2900EC79F9 /* Resources */ = {
			isa = PBXResourcesBuildPhase;
			buildActionMask = 2147483647;
			files = (
				A561200E268CAF2C00EC79F9 /* LaunchScreen.storyboard in Resources */,
				A561200B268CAF2C00EC79F9 /* Assets.xcassets in Resources */,
				A5612009268CAF2900EC79F9 /* Main.storyboard in Resources */,
			);
			runOnlyForDeploymentPostprocessing = 0;
		};
/* End PBXResourcesBuildPhase section */

/* Begin PBXSourcesBuildPhase section */
		A5611FFA268CAF2900EC79F9 /* Sources */ = {
			isa = PBXSourcesBuildPhase;
			buildActionMask = 2147483647;
			files = (
				A5612006268CAF2900EC79F9 /* CitiesViewController.swift in Sources */,
				A5612017268CAF9B00EC79F9 /* WeatherViewController.swift in Sources */,
				A5612002268CAF2900EC79F9 /* AppDelegate.swift in Sources */,
				A5612022268CB09000EC79F9 /* WeatherManager.swift in Sources */,
				A5612004268CAF2900EC79F9 /* SceneDelegate.swift in Sources */,
				A561201F268CB04400EC79F9 /* WeatherData.swift in Sources */,
				A561201B268CAFB700EC79F9 /* WeatherModel.swift in Sources */,
			);
			runOnlyForDeploymentPostprocessing = 0;
		};
/* End PBXSourcesBuildPhase section */

/* Begin PBXVariantGroup section */
		A5612007268CAF2900EC79F9 /* Main.storyboard */ = {
			isa = PBXVariantGroup;
			children = (
				A5612008268CAF2900EC79F9 /* Base */,
			);
			name = Main.storyboard;
			sourceTree = "<group>";
		};
		A561200C268CAF2C00EC79F9 /* LaunchScreen.storyboard */ = {
			isa = PBXVariantGroup;
			children = (
				A561200D268CAF2C00EC79F9 /* Base */,
			);
			name = LaunchScreen.storyboard;
			sourceTree = "<group>";
		};
/* End PBXVariantGroup section */

/* Begin XCBuildConfiguration section */
		A5612010268CAF2C00EC79F9 /* Debug */ = {
			isa = XCBuildConfiguration;
			buildSettings = {
				ALWAYS_SEARCH_USER_PATHS = NO;
				CLANG_ANALYZER_NONNULL = YES;
				CLANG_ANALYZER_NUMBER_OBJECT_CONVERSION = YES_AGGRESSIVE;
				CLANG_CXX_LANGUAGE_STANDARD = "gnu++14";
				CLANG_CXX_LIBRARY = "libc++";
				CLANG_ENABLE_MODULES = YES;
				CLANG_ENABLE_OBJC_ARC = YES;
				CLANG_ENABLE_OBJC_WEAK = YES;
				CLANG_WARN_BLOCK_CAPTURE_AUTORELEASING = YES;
				CLANG_WARN_BOOL_CONVERSION = YES;
				CLANG_WARN_COMMA = YES;
				CLANG_WARN_CONSTANT_CONVERSION = YES;
				CLANG_WARN_DEPRECATED_OBJC_IMPLEMENTATIONS = YES;
				CLANG_WARN_DIRECT_OBJC_ISA_USAGE = YES_ERROR;
				CLANG_WARN_DOCUMENTATION_COMMENTS = YES;
				CLANG_WARN_EMPTY_BODY = YES;
				CLANG_WARN_ENUM_CONVERSION = YES;
				CLANG_WARN_INFINITE_RECURSION = YES;
				CLANG_WARN_INT_CONVERSION = YES;
				CLANG_WARN_NON_LITERAL_NULL_CONVERSION = YES;
				CLANG_WARN_OBJC_IMPLICIT_RETAIN_SELF = YES;
				CLANG_WARN_OBJC_LITERAL_CONVERSION = YES;
				CLANG_WARN_OBJC_ROOT_CLASS = YES_ERROR;
				CLANG_WARN_QUOTED_INCLUDE_IN_FRAMEWORK_HEADER = YES;
				CLANG_WARN_RANGE_LOOP_ANALYSIS = YES;
				CLANG_WARN_STRICT_PROTOTYPES = YES;
				CLANG_WARN_SUSPICIOUS_MOVE = YES;
				CLANG_WARN_UNGUARDED_AVAILABILITY = YES_AGGRESSIVE;
				CLANG_WARN_UNREACHABLE_CODE = YES;
				CLANG_WARN__DUPLICATE_METHOD_MATCH = YES;
				COPY_PHASE_STRIP = NO;
				DEBUG_INFORMATION_FORMAT = dwarf;
				ENABLE_STRICT_OBJC_MSGSEND = YES;
				ENABLE_TESTABILITY = YES;
				GCC_C_LANGUAGE_STANDARD = gnu11;
				GCC_DYNAMIC_NO_PIC = NO;
				GCC_NO_COMMON_BLOCKS = YES;
				GCC_OPTIMIZATION_LEVEL = 0;
				GCC_PREPROCESSOR_DEFINITIONS = (
					"DEBUG=1",
					"$(inherited)",
				);
				GCC_WARN_64_TO_32_BIT_CONVERSION = YES;
				GCC_WARN_ABOUT_RETURN_TYPE = YES_ERROR;
				GCC_WARN_UNDECLARED_SELECTOR = YES;
				GCC_WARN_UNINITIALIZED_AUTOS = YES_AGGRESSIVE;
				GCC_WARN_UNUSED_FUNCTION = YES;
				GCC_WARN_UNUSED_VARIABLE = YES;
				IPHONEOS_DEPLOYMENT_TARGET = 14.4;
				MTL_ENABLE_DEBUG_INFO = INCLUDE_SOURCE;
				MTL_FAST_MATH = YES;
				ONLY_ACTIVE_ARCH = YES;
				SDKROOT = iphoneos;
				SWIFT_ACTIVE_COMPILATION_CONDITIONS = DEBUG;
				SWIFT_OPTIMIZATION_LEVEL = "-Onone";
			};
			name = Debug;
		};
		A5612011268CAF2C00EC79F9 /* Release */ = {
			isa = XCBuildConfiguration;
			buildSettings = {
				ALWAYS_SEARCH_USER_PATHS = NO;
				CLANG_ANALYZER_NONNULL = YES;
				CLANG_ANALYZER_NUMBER_OBJECT_CONVERSION = YES_AGGRESSIVE;
				CLANG_CXX_LANGUAGE_STANDARD = "gnu++14";
				CLANG_CXX_LIBRARY = "libc++";
				CLANG_ENABLE_MODULES = YES;
				CLANG_ENABLE_OBJC_ARC = YES;
				CLANG_ENABLE_OBJC_WEAK = YES;
				CLANG_WARN_BLOCK_CAPTURE_AUTORELEASING = YES;
				CLANG_WARN_BOOL_CONVERSION = YES;
				CLANG_WARN_COMMA = YES;
				CLANG_WARN_CONSTANT_CONVERSION = YES;
				CLANG_WARN_DEPRECATED_OBJC_IMPLEMENTATIONS = YES;
				CLANG_WARN_DIRECT_OBJC_ISA_USAGE = YES_ERROR;
				CLANG_WARN_DOCUMENTATION_COMMENTS = YES;
				CLANG_WARN_EMPTY_BODY = YES;
				CLANG_WARN_ENUM_CONVERSION = YES;
				CLANG_WARN_INFINITE_RECURSION = YES;
				CLANG_WARN_INT_CONVERSION = YES;
				CLANG_WARN_NON_LITERAL_NULL_CONVERSION = YES;
				CLANG_WARN_OBJC_IMPLICIT_RETAIN_SELF = YES;
				CLANG_WARN_OBJC_LITERAL_CONVERSION = YES;
				CLANG_WARN_OBJC_ROOT_CLASS = YES_ERROR;
				CLANG_WARN_QUOTED_INCLUDE_IN_FRAMEWORK_HEADER = YES;
				CLANG_WARN_RANGE_LOOP_ANALYSIS = YES;
				CLANG_WARN_STRICT_PROTOTYPES = YES;
				CLANG_WARN_SUSPICIOUS_MOVE = YES;
				CLANG_WARN_UNGUARDED_AVAILABILITY = YES_AGGRESSIVE;
				CLANG_WARN_UNREACHABLE_CODE = YES;
				CLANG_WARN__DUPLICATE_METHOD_MATCH = YES;
				COPY_PHASE_STRIP = NO;
				DEBUG_INFORMATION_FORMAT = "dwarf-with-dsym";
				ENABLE_NS_ASSERTIONS = NO;
				ENABLE_STRICT_OBJC_MSGSEND = YES;
				GCC_C_LANGUAGE_STANDARD = gnu11;
				GCC_NO_COMMON_BLOCKS = YES;
				GCC_WARN_64_TO_32_BIT_CONVERSION = YES;
				GCC_WARN_ABOUT_RETURN_TYPE = YES_ERROR;
				GCC_WARN_UNDECLARED_SELECTOR = YES;
				GCC_WARN_UNINITIALIZED_AUTOS = YES_AGGRESSIVE;
				GCC_WARN_UNUSED_FUNCTION = YES;
				GCC_WARN_UNUSED_VARIABLE = YES;
				IPHONEOS_DEPLOYMENT_TARGET = 14.4;
				MTL_ENABLE_DEBUG_INFO = NO;
				MTL_FAST_MATH = YES;
				SDKROOT = iphoneos;
				SWIFT_COMPILATION_MODE = wholemodule;
				SWIFT_OPTIMIZATION_LEVEL = "-O";
				VALIDATE_PRODUCT = YES;
			};
			name = Release;
		};
		A5612013268CAF2C00EC79F9 /* Debug */ = {
			isa = XCBuildConfiguration;
			buildSettings = {
				ASSETCATALOG_COMPILER_APPICON_NAME = AppIcon;
				ASSETCATALOG_COMPILER_GLOBAL_ACCENT_COLOR_NAME = AccentColor;
				CODE_SIGN_STYLE = Automatic;
				DEVELOPMENT_TEAM = MNV6RV9KSV;
				INFOPLIST_FILE = SimpleWeather/Info.plist;
				LD_RUNPATH_SEARCH_PATHS = (
					"$(inherited)",
					"@executable_path/Frameworks",
				);
				PRODUCT_BUNDLE_IDENTIFIER = com.danielyarmak.SimpleWeather;
				PRODUCT_NAME = "$(TARGET_NAME)";
				SWIFT_VERSION = 5.0;
				TARGETED_DEVICE_FAMILY = "1,2";
			};
			name = Debug;
		};
		A5612014268CAF2C00EC79F9 /* Release */ = {
			isa = XCBuildConfiguration;
			buildSettings = {
				ASSETCATALOG_COMPILER_APPICON_NAME = AppIcon;
				ASSETCATALOG_COMPILER_GLOBAL_ACCENT_COLOR_NAME = AccentColor;
				CODE_SIGN_STYLE = Automatic;
				DEVELOPMENT_TEAM = MNV6RV9KSV;
				INFOPLIST_FILE = SimpleWeather/Info.plist;
				LD_RUNPATH_SEARCH_PATHS = (
					"$(inherited)",
					"@executable_path/Frameworks",
				);
				PRODUCT_BUNDLE_IDENTIFIER = com.danielyarmak.SimpleWeather;
				PRODUCT_NAME = "$(TARGET_NAME)";
				SWIFT_VERSION = 5.0;
				TARGETED_DEVICE_FAMILY = "1,2";
			};
			name = Release;
		};
/* End XCBuildConfiguration section */

/* Begin XCConfigurationList section */
		A5611FF9268CAF2900EC79F9 /* Build configuration list for PBXProject "SimpleWeather" */ = {
			isa = XCConfigurationList;
			buildConfigurations = (
				A5612010268CAF2C00EC79F9 /* Debug */,
				A5612011268CAF2C00EC79F9 /* Release */,
			);
			defaultConfigurationIsVisible = 0;
			defaultConfigurationName = Release;
		};
		A5612012268CAF2C00EC79F9 /* Build configuration list for PBXNativeTarget "SimpleWeather" */ = {
			isa = XCConfigurationList;
			buildConfigurations = (
				A5612013268CAF2C00EC79F9 /* Debug */,
				A5612014268CAF2C00EC79F9 /* Release */,
			);
			defaultConfigurationIsVisible = 0;
			defaultConfigurationName = Release;
		};
/* End XCConfigurationList section */
	};
	rootObject = A5611FF6268CAF2900EC79F9 /* Project object */;
}
